// !$*UTF8*$!
{
	archiveVersion = 1;
	classes = {
	};
	objectVersion = 46;
	objects = {

/* Begin PBXBuildFile section */
		126C4C4219EFB4F300F18654 /* main.m in Sources */ = {isa = PBXBuildFile; fileRef = 126C4C4119EFB4F300F18654 /* main.m */; };
		126C4C4519EFB4F300F18654 /* AppDelegate.m in Sources */ = {isa = PBXBuildFile; fileRef = 126C4C4419EFB4F300F18654 /* AppDelegate.m */; };
		126C4C4D19EFB4F300F18654 /* Images.xcassets in Resources */ = {isa = PBXBuildFile; fileRef = 126C4C4C19EFB4F300F18654 /* Images.xcassets */; };
		126C4C5019EFB4F300F18654 /* LaunchScreen.xib in Resources */ = {isa = PBXBuildFile; fileRef = 126C4C4E19EFB4F300F18654 /* LaunchScreen.xib */; };
		126C4C5C19EFB4F300F18654 /* FaceLinkTests.m in Sources */ = {isa = PBXBuildFile; fileRef = 126C4C5B19EFB4F300F18654 /* FaceLinkTests.m */; };
		126C4C7819F0B11700F18654 /* FLMainViewController.m in Sources */ = {isa = PBXBuildFile; fileRef = 126C4C7719F0B11700F18654 /* FLMainViewController.m */; };
		126C4CA619F0FBE900F18654 /* KxMenu.m in Sources */ = {isa = PBXBuildFile; fileRef = 126C4CA519F0FBE900F18654 /* KxMenu.m */; };
		126C4CA919F0FF7F00F18654 /* FLControllerCoordinator.m in Sources */ = {isa = PBXBuildFile; fileRef = 126C4CA819F0FF7F00F18654 /* FLControllerCoordinator.m */; };
		126C4CAD19F103AA00F18654 /* FLRecentViewController.m in Sources */ = {isa = PBXBuildFile; fileRef = 126C4CAB19F103AA00F18654 /* FLRecentViewController.m */; };
		126C4CAE19F103AA00F18654 /* FLRecentViewController.xib in Resources */ = {isa = PBXBuildFile; fileRef = 126C4CAC19F103AA00F18654 /* FLRecentViewController.xib */; };
		126C4CB219F103C000F18654 /* FLHotViewController.m in Sources */ = {isa = PBXBuildFile; fileRef = 126C4CB019F103C000F18654 /* FLHotViewController.m */; };
		126C4CB319F103C000F18654 /* FLHotViewController.xib in Resources */ = {isa = PBXBuildFile; fileRef = 126C4CB119F103C000F18654 /* FLHotViewController.xib */; };
		126C4CBC19F1186000F18654 /* FLCameraViewController.m in Sources */ = {isa = PBXBuildFile; fileRef = 126C4CBB19F1186000F18654 /* FLCameraViewController.m */; };
		12C9AADB19F4B3ED007BA823 /* ProgressHUD.bundle in Resources */ = {isa = PBXBuildFile; fileRef = 12C9AAD819F4B3ED007BA823 /* ProgressHUD.bundle */; };
		12C9AADC19F4B3ED007BA823 /* ProgressHUD.m in Sources */ = {isa = PBXBuildFile; fileRef = 12C9AADA19F4B3ED007BA823 /* ProgressHUD.m */; };
		12C9AB1419F4CF6B007BA823 /* FLLikeMeViewController.m in Sources */ = {isa = PBXBuildFile; fileRef = 12C9AB1219F4CF6B007BA823 /* FLLikeMeViewController.m */; };
		12C9AB1519F4CF6B007BA823 /* FLLikeMeViewController.xib in Resources */ = {isa = PBXBuildFile; fileRef = 12C9AB1319F4CF6B007BA823 /* FLLikeMeViewController.xib */; };
		12C9AB1919F4CF83007BA823 /* FLILikeViewController.m in Sources */ = {isa = PBXBuildFile; fileRef = 12C9AB1719F4CF83007BA823 /* FLILikeViewController.m */; };
		12C9AB1A19F4CF83007BA823 /* FLILikeViewController.xib in Resources */ = {isa = PBXBuildFile; fileRef = 12C9AB1819F4CF83007BA823 /* FLILikeViewController.xib */; };
		12C9AB1E19F4CF95007BA823 /* FLChatViewController.m in Sources */ = {isa = PBXBuildFile; fileRef = 12C9AB1C19F4CF95007BA823 /* FLChatViewController.m */; };
		12C9AB1F19F4CF95007BA823 /* FLChatViewController.xib in Resources */ = {isa = PBXBuildFile; fileRef = 12C9AB1D19F4CF95007BA823 /* FLChatViewController.xib */; };
		12C9AB3C19F4F0DD007BA823 /* camera_btn@2x.png in Resources */ = {isa = PBXBuildFile; fileRef = 12C9AB3319F4F0DD007BA823 /* camera_btn@2x.png */; };
		12C9AB3D19F4F0DD007BA823 /* kaka_word@2x.png in Resources */ = {isa = PBXBuildFile; fileRef = 12C9AB3419F4F0DD007BA823 /* kaka_word@2x.png */; };
		12C9AB3E19F4F0DD007BA823 /* pic_big@2x.png in Resources */ = {isa = PBXBuildFile; fileRef = 12C9AB3519F4F0DD007BA823 /* pic_big@2x.png */; };
		12C9AB3F19F4F0DD007BA823 /* pic_small@2x.png in Resources */ = {isa = PBXBuildFile; fileRef = 12C9AB3619F4F0DD007BA823 /* pic_small@2x.png */; };
		12C9AB4019F4F0DD007BA823 /* predestine@2x.png in Resources */ = {isa = PBXBuildFile; fileRef = 12C9AB3719F4F0DD007BA823 /* predestine@2x.png */; };
		12C9AB4119F4F0DD007BA823 /* recent_connect@2x.png in Resources */ = {isa = PBXBuildFile; fileRef = 12C9AB3819F4F0DD007BA823 /* recent_connect@2x.png */; };
		12C9AB4219F4F0DD007BA823 /* search_icon@2x.png in Resources */ = {isa = PBXBuildFile; fileRef = 12C9AB3919F4F0DD007BA823 /* search_icon@2x.png */; };
		12C9AB4319F4F0DD007BA823 /* search_word@2x.png in Resources */ = {isa = PBXBuildFile; fileRef = 12C9AB3A19F4F0DD007BA823 /* search_word@2x.png */; };
		12C9AB4419F4F0DD007BA823 /* select_icon@2x.png in Resources */ = {isa = PBXBuildFile; fileRef = 12C9AB3B19F4F0DD007BA823 /* select_icon@2x.png */; };
		12C9AB5819F50893007BA823 /* FLFaceView.m in Sources */ = {isa = PBXBuildFile; fileRef = 12C9AB5719F50893007BA823 /* FLFaceView.m */; };
		12C9AB6B19F5FF5F007BA823 /* back_icon@2x.png in Resources */ = {isa = PBXBuildFile; fileRef = 12C9AB5B19F5FF5F007BA823 /* back_icon@2x.png */; };
		12C9AB6C19F5FF5F007BA823 /* fill_light_word.png in Resources */ = {isa = PBXBuildFile; fileRef = 12C9AB5C19F5FF5F007BA823 /* fill_light_word.png */; };
		12C9AB6D19F5FF5F007BA823 /* go_back@2x.png in Resources */ = {isa = PBXBuildFile; fileRef = 12C9AB5D19F5FF5F007BA823 /* go_back@2x.png */; };
		12C9AB6E19F5FF5F007BA823 /* go_forward@2x.png in Resources */ = {isa = PBXBuildFile; fileRef = 12C9AB5E19F5FF5F007BA823 /* go_forward@2x.png */; };
		12C9AB6F19F5FF5F007BA823 /* pic.png in Resources */ = {isa = PBXBuildFile; fileRef = 12C9AB5F19F5FF5F007BA823 /* pic.png */; };
		12C9AB7019F5FF5F007BA823 /* select_up.png in Resources */ = {isa = PBXBuildFile; fileRef = 12C9AB6019F5FF5F007BA823 /* select_up.png */; };
		12C9AB7119F5FF5F007BA823 /* take_pic@2x.png in Resources */ = {isa = PBXBuildFile; fileRef = 12C9AB6119F5FF5F007BA823 /* take_pic@2x.png */; };
		12C9AB7319F5FF5F007BA823 /* save.png in Resources */ = {isa = PBXBuildFile; fileRef = 12C9AB6419F5FF5F007BA823 /* save.png */; };
		12C9AB7519F5FF5F007BA823 /* camera_active@2x.png in Resources */ = {isa = PBXBuildFile; fileRef = 12C9AB6719F5FF5F007BA823 /* camera_active@2x.png */; };
		12C9AB7619F5FF5F007BA823 /* hand@2x.png in Resources */ = {isa = PBXBuildFile; fileRef = 12C9AB6819F5FF5F007BA823 /* hand@2x.png */; };
		12C9AB7719F5FF5F007BA823 /* success_word@2x.png in Resources */ = {isa = PBXBuildFile; fileRef = 12C9AB6919F5FF5F007BA823 /* success_word@2x.png */; };
		30CF80E619F2A9B800FDF633 /* Globals.c in Sources */ = {isa = PBXBuildFile; fileRef = 30CF80E419F2A9B800FDF633 /* Globals.c */; };
		30D45CF319F35CF700135746 /* FLSingleOptionMenu.m in Sources */ = {isa = PBXBuildFile; fileRef = 30D45CF219F35CF700135746 /* FLSingleOptionMenu.m */; };
		30D45CF619F3706B00135746 /* FLAppSettings.m in Sources */ = {isa = PBXBuildFile; fileRef = 30D45CF519F3706B00135746 /* FLAppSettings.m */; };
		30D45CFA19F3E19900135746 /* FLPhotoMatchingController.m in Sources */ = {isa = PBXBuildFile; fileRef = 30D45CF819F3E19900135746 /* FLPhotoMatchingController.m */; };
		30D45CFB19F3E19900135746 /* FLPhotoMatchingController.xib in Resources */ = {isa = PBXBuildFile; fileRef = 30D45CF919F3E19900135746 /* FLPhotoMatchingController.xib */; };
/* End PBXBuildFile section */

/* Begin PBXContainerItemProxy section */
		126C4C5619EFB4F300F18654 /* PBXContainerItemProxy */ = {
			isa = PBXContainerItemProxy;
			containerPortal = 126C4C3419EFB4F300F18654 /* Project object */;
			proxyType = 1;
			remoteGlobalIDString = 126C4C3B19EFB4F300F18654;
			remoteInfo = FaceLink;
		};
/* End PBXContainerItemProxy section */

/* Begin PBXFileReference section */
		126C4C3C19EFB4F300F18654 /* FaceLink.app */ = {isa = PBXFileReference; explicitFileType = wrapper.application; includeInIndex = 0; path = FaceLink.app; sourceTree = BUILT_PRODUCTS_DIR; };
		126C4C4019EFB4F300F18654 /* Info.plist */ = {isa = PBXFileReference; lastKnownFileType = text.plist.xml; path = Info.plist; sourceTree = "<group>"; };
		126C4C4119EFB4F300F18654 /* main.m */ = {isa = PBXFileReference; lastKnownFileType = sourcecode.c.objc; path = main.m; sourceTree = "<group>"; };
		126C4C4319EFB4F300F18654 /* AppDelegate.h */ = {isa = PBXFileReference; lastKnownFileType = sourcecode.c.h; path = AppDelegate.h; sourceTree = "<group>"; };
		126C4C4419EFB4F300F18654 /* AppDelegate.m */ = {isa = PBXFileReference; lastKnownFileType = sourcecode.c.objc; path = AppDelegate.m; sourceTree = "<group>"; };
		126C4C4C19EFB4F300F18654 /* Images.xcassets */ = {isa = PBXFileReference; lastKnownFileType = folder.assetcatalog; path = Images.xcassets; sourceTree = "<group>"; };
		126C4C4F19EFB4F300F18654 /* Base */ = {isa = PBXFileReference; lastKnownFileType = file.xib; name = Base; path = Base.lproj/LaunchScreen.xib; sourceTree = "<group>"; };
		126C4C5519EFB4F300F18654 /* FaceLinkTests.xctest */ = {isa = PBXFileReference; explicitFileType = wrapper.cfbundle; includeInIndex = 0; path = FaceLinkTests.xctest; sourceTree = BUILT_PRODUCTS_DIR; };
		126C4C5A19EFB4F300F18654 /* Info.plist */ = {isa = PBXFileReference; lastKnownFileType = text.plist.xml; path = Info.plist; sourceTree = "<group>"; };
		126C4C5B19EFB4F300F18654 /* FaceLinkTests.m */ = {isa = PBXFileReference; lastKnownFileType = sourcecode.c.objc; path = FaceLinkTests.m; sourceTree = "<group>"; };
		126C4C7619F0B11700F18654 /* FLMainViewController.h */ = {isa = PBXFileReference; fileEncoding = 4; lastKnownFileType = sourcecode.c.h; path = FLMainViewController.h; sourceTree = "<group>"; };
		126C4C7719F0B11700F18654 /* FLMainViewController.m */ = {isa = PBXFileReference; fileEncoding = 4; lastKnownFileType = sourcecode.c.objc; path = FLMainViewController.m; sourceTree = "<group>"; };
		126C4C7A19F0B54900F18654 /* FMMacros.h */ = {isa = PBXFileReference; fileEncoding = 4; lastKnownFileType = sourcecode.c.h; path = FMMacros.h; sourceTree = "<group>"; };
		126C4CA419F0FBE900F18654 /* KxMenu.h */ = {isa = PBXFileReference; fileEncoding = 4; lastKnownFileType = sourcecode.c.h; path = KxMenu.h; sourceTree = "<group>"; };
		126C4CA519F0FBE900F18654 /* KxMenu.m */ = {isa = PBXFileReference; fileEncoding = 4; lastKnownFileType = sourcecode.c.objc; path = KxMenu.m; sourceTree = "<group>"; };
		126C4CA719F0FF7F00F18654 /* FLControllerCoordinator.h */ = {isa = PBXFileReference; fileEncoding = 4; lastKnownFileType = sourcecode.c.h; path = FLControllerCoordinator.h; sourceTree = "<group>"; };
		126C4CA819F0FF7F00F18654 /* FLControllerCoordinator.m */ = {isa = PBXFileReference; fileEncoding = 4; lastKnownFileType = sourcecode.c.objc; path = FLControllerCoordinator.m; sourceTree = "<group>"; };
		126C4CAA19F103AA00F18654 /* FLRecentViewController.h */ = {isa = PBXFileReference; fileEncoding = 4; lastKnownFileType = sourcecode.c.h; path = FLRecentViewController.h; sourceTree = "<group>"; };
		126C4CAB19F103AA00F18654 /* FLRecentViewController.m */ = {isa = PBXFileReference; fileEncoding = 4; lastKnownFileType = sourcecode.c.objc; path = FLRecentViewController.m; sourceTree = "<group>"; };
		126C4CAC19F103AA00F18654 /* FLRecentViewController.xib */ = {isa = PBXFileReference; fileEncoding = 4; lastKnownFileType = file.xib; path = FLRecentViewController.xib; sourceTree = "<group>"; };
		126C4CAF19F103C000F18654 /* FLHotViewController.h */ = {isa = PBXFileReference; fileEncoding = 4; lastKnownFileType = sourcecode.c.h; path = FLHotViewController.h; sourceTree = "<group>"; };
		126C4CB019F103C000F18654 /* FLHotViewController.m */ = {isa = PBXFileReference; fileEncoding = 4; lastKnownFileType = sourcecode.c.objc; path = FLHotViewController.m; sourceTree = "<group>"; };
		126C4CB119F103C000F18654 /* FLHotViewController.xib */ = {isa = PBXFileReference; fileEncoding = 4; lastKnownFileType = file.xib; path = FLHotViewController.xib; sourceTree = "<group>"; };
		126C4CBA19F1186000F18654 /* FLCameraViewController.h */ = {isa = PBXFileReference; fileEncoding = 4; lastKnownFileType = sourcecode.c.h; path = FLCameraViewController.h; sourceTree = "<group>"; };
		126C4CBB19F1186000F18654 /* FLCameraViewController.m */ = {isa = PBXFileReference; fileEncoding = 4; lastKnownFileType = sourcecode.c.objc; path = FLCameraViewController.m; sourceTree = "<group>"; };
		12C9AAD819F4B3ED007BA823 /* ProgressHUD.bundle */ = {isa = PBXFileReference; lastKnownFileType = "wrapper.plug-in"; path = ProgressHUD.bundle; sourceTree = "<group>"; };
		12C9AAD919F4B3ED007BA823 /* ProgressHUD.h */ = {isa = PBXFileReference; fileEncoding = 4; lastKnownFileType = sourcecode.c.h; path = ProgressHUD.h; sourceTree = "<group>"; };
		12C9AADA19F4B3ED007BA823 /* ProgressHUD.m */ = {isa = PBXFileReference; fileEncoding = 4; lastKnownFileType = sourcecode.c.objc; path = ProgressHUD.m; sourceTree = "<group>"; };
		12C9AB1119F4CF6B007BA823 /* FLLikeMeViewController.h */ = {isa = PBXFileReference; fileEncoding = 4; lastKnownFileType = sourcecode.c.h; path = FLLikeMeViewController.h; sourceTree = "<group>"; };
		12C9AB1219F4CF6B007BA823 /* FLLikeMeViewController.m */ = {isa = PBXFileReference; fileEncoding = 4; lastKnownFileType = sourcecode.c.objc; path = FLLikeMeViewController.m; sourceTree = "<group>"; };
		12C9AB1319F4CF6B007BA823 /* FLLikeMeViewController.xib */ = {isa = PBXFileReference; fileEncoding = 4; lastKnownFileType = file.xib; path = FLLikeMeViewController.xib; sourceTree = "<group>"; };
		12C9AB1619F4CF83007BA823 /* FLILikeViewController.h */ = {isa = PBXFileReference; fileEncoding = 4; lastKnownFileType = sourcecode.c.h; path = FLILikeViewController.h; sourceTree = "<group>"; };
		12C9AB1719F4CF83007BA823 /* FLILikeViewController.m */ = {isa = PBXFileReference; fileEncoding = 4; lastKnownFileType = sourcecode.c.objc; path = FLILikeViewController.m; sourceTree = "<group>"; };
		12C9AB1819F4CF83007BA823 /* FLILikeViewController.xib */ = {isa = PBXFileReference; fileEncoding = 4; lastKnownFileType = file.xib; path = FLILikeViewController.xib; sourceTree = "<group>"; };
		12C9AB1B19F4CF95007BA823 /* FLChatViewController.h */ = {isa = PBXFileReference; fileEncoding = 4; lastKnownFileType = sourcecode.c.h; path = FLChatViewController.h; sourceTree = "<group>"; };
		12C9AB1C19F4CF95007BA823 /* FLChatViewController.m */ = {isa = PBXFileReference; fileEncoding = 4; lastKnownFileType = sourcecode.c.objc; path = FLChatViewController.m; sourceTree = "<group>"; };
		12C9AB1D19F4CF95007BA823 /* FLChatViewController.xib */ = {isa = PBXFileReference; fileEncoding = 4; lastKnownFileType = file.xib; path = FLChatViewController.xib; sourceTree = "<group>"; };
		12C9AB3319F4F0DD007BA823 /* camera_btn@2x.png */ = {isa = PBXFileReference; lastKnownFileType = image.png; path = "camera_btn@2x.png"; sourceTree = "<group>"; };
		12C9AB3419F4F0DD007BA823 /* kaka_word@2x.png */ = {isa = PBXFileReference; lastKnownFileType = image.png; path = "kaka_word@2x.png"; sourceTree = "<group>"; };
		12C9AB3519F4F0DD007BA823 /* pic_big@2x.png */ = {isa = PBXFileReference; lastKnownFileType = image.png; path = "pic_big@2x.png"; sourceTree = "<group>"; };
		12C9AB3619F4F0DD007BA823 /* pic_small@2x.png */ = {isa = PBXFileReference; lastKnownFileType = image.png; path = "pic_small@2x.png"; sourceTree = "<group>"; };
		12C9AB3719F4F0DD007BA823 /* predestine@2x.png */ = {isa = PBXFileReference; lastKnownFileType = image.png; path = "predestine@2x.png"; sourceTree = "<group>"; };
		12C9AB3819F4F0DD007BA823 /* recent_connect@2x.png */ = {isa = PBXFileReference; lastKnownFileType = image.png; path = "recent_connect@2x.png"; sourceTree = "<group>"; };
		12C9AB3919F4F0DD007BA823 /* search_icon@2x.png */ = {isa = PBXFileReference; lastKnownFileType = image.png; path = "search_icon@2x.png"; sourceTree = "<group>"; };
		12C9AB3A19F4F0DD007BA823 /* search_word@2x.png */ = {isa = PBXFileReference; lastKnownFileType = image.png; path = "search_word@2x.png"; sourceTree = "<group>"; };
		12C9AB3B19F4F0DD007BA823 /* select_icon@2x.png */ = {isa = PBXFileReference; lastKnownFileType = image.png; path = "select_icon@2x.png"; sourceTree = "<group>"; };
		12C9AB5619F50893007BA823 /* FLFaceView.h */ = {isa = PBXFileReference; fileEncoding = 4; lastKnownFileType = sourcecode.c.h; path = FLFaceView.h; sourceTree = "<group>"; };
		12C9AB5719F50893007BA823 /* FLFaceView.m */ = {isa = PBXFileReference; fileEncoding = 4; lastKnownFileType = sourcecode.c.objc; path = FLFaceView.m; sourceTree = "<group>"; };
		12C9AB5B19F5FF5F007BA823 /* back_icon@2x.png */ = {isa = PBXFileReference; lastKnownFileType = image.png; path = "back_icon@2x.png"; sourceTree = "<group>"; };
		12C9AB5C19F5FF5F007BA823 /* fill_light_word.png */ = {isa = PBXFileReference; lastKnownFileType = image.png; path = fill_light_word.png; sourceTree = "<group>"; };
		12C9AB5D19F5FF5F007BA823 /* go_back@2x.png */ = {isa = PBXFileReference; lastKnownFileType = image.png; path = "go_back@2x.png"; sourceTree = "<group>"; };
		12C9AB5E19F5FF5F007BA823 /* go_forward@2x.png */ = {isa = PBXFileReference; lastKnownFileType = image.png; path = "go_forward@2x.png"; sourceTree = "<group>"; };
		12C9AB5F19F5FF5F007BA823 /* pic.png */ = {isa = PBXFileReference; lastKnownFileType = image.png; path = pic.png; sourceTree = "<group>"; };
		12C9AB6019F5FF5F007BA823 /* select_up.png */ = {isa = PBXFileReference; lastKnownFileType = image.png; path = select_up.png; sourceTree = "<group>"; };
		12C9AB6119F5FF5F007BA823 /* take_pic@2x.png */ = {isa = PBXFileReference; lastKnownFileType = image.png; path = "take_pic@2x.png"; sourceTree = "<group>"; };
		12C9AB6419F5FF5F007BA823 /* save.png */ = {isa = PBXFileReference; lastKnownFileType = image.png; path = save.png; sourceTree = "<group>"; };
		12C9AB6719F5FF5F007BA823 /* camera_active@2x.png */ = {isa = PBXFileReference; lastKnownFileType = image.png; path = "camera_active@2x.png"; sourceTree = "<group>"; };
		12C9AB6819F5FF5F007BA823 /* hand@2x.png */ = {isa = PBXFileReference; lastKnownFileType = image.png; path = "hand@2x.png"; sourceTree = "<group>"; };
		12C9AB6919F5FF5F007BA823 /* success_word@2x.png */ = {isa = PBXFileReference; lastKnownFileType = image.png; path = "success_word@2x.png"; sourceTree = "<group>"; };
		30CF80E419F2A9B800FDF633 /* Globals.c */ = {isa = PBXFileReference; fileEncoding = 4; lastKnownFileType = sourcecode.c.c; path = Globals.c; sourceTree = "<group>"; };
		30CF80E519F2A9B800FDF633 /* Globals.h */ = {isa = PBXFileReference; fileEncoding = 4; lastKnownFileType = sourcecode.c.h; path = Globals.h; sourceTree = "<group>"; };
		30D45CF119F35CF700135746 /* FLSingleOptionMenu.h */ = {isa = PBXFileReference; fileEncoding = 4; lastKnownFileType = sourcecode.c.h; path = FLSingleOptionMenu.h; sourceTree = "<group>"; };
		30D45CF219F35CF700135746 /* FLSingleOptionMenu.m */ = {isa = PBXFileReference; fileEncoding = 4; lastKnownFileType = sourcecode.c.objc; path = FLSingleOptionMenu.m; sourceTree = "<group>"; };
		30D45CF419F3706B00135746 /* FLAppSettings.h */ = {isa = PBXFileReference; fileEncoding = 4; lastKnownFileType = sourcecode.c.h; path = FLAppSettings.h; sourceTree = "<group>"; };
		30D45CF519F3706B00135746 /* FLAppSettings.m */ = {isa = PBXFileReference; fileEncoding = 4; lastKnownFileType = sourcecode.c.objc; path = FLAppSettings.m; sourceTree = "<group>"; };
		30D45CF719F3E19900135746 /* FLPhotoMatchingController.h */ = {isa = PBXFileReference; fileEncoding = 4; lastKnownFileType = sourcecode.c.h; path = FLPhotoMatchingController.h; sourceTree = "<group>"; };
		30D45CF819F3E19900135746 /* FLPhotoMatchingController.m */ = {isa = PBXFileReference; fileEncoding = 4; lastKnownFileType = sourcecode.c.objc; path = FLPhotoMatchingController.m; sourceTree = "<group>"; };
		30D45CF919F3E19900135746 /* FLPhotoMatchingController.xib */ = {isa = PBXFileReference; fileEncoding = 4; lastKnownFileType = file.xib; path = FLPhotoMatchingController.xib; sourceTree = "<group>"; };
/* End PBXFileReference section */

/* Begin PBXFrameworksBuildPhase section */
		126C4C3919EFB4F300F18654 /* Frameworks */ = {
			isa = PBXFrameworksBuildPhase;
			buildActionMask = 2147483647;
			files = (
			);
			runOnlyForDeploymentPostprocessing = 0;
		};
		126C4C5219EFB4F300F18654 /* Frameworks */ = {
			isa = PBXFrameworksBuildPhase;
			buildActionMask = 2147483647;
			files = (
			);
			runOnlyForDeploymentPostprocessing = 0;
		};
/* End PBXFrameworksBuildPhase section */

/* Begin PBXGroup section */
		126C4C3319EFB4F300F18654 = {
			isa = PBXGroup;
			children = (
				126C4C3E19EFB4F300F18654 /* FaceLink */,
				126C4C5819EFB4F300F18654 /* FaceLinkTests */,
				126C4C3D19EFB4F300F18654 /* Products */,
			);
			sourceTree = "<group>";
		};
		126C4C3D19EFB4F300F18654 /* Products */ = {
			isa = PBXGroup;
			children = (
				126C4C3C19EFB4F300F18654 /* FaceLink.app */,
				126C4C5519EFB4F300F18654 /* FaceLinkTests.xctest */,
			);
			name = Products;
			sourceTree = "<group>";
		};
		126C4C3E19EFB4F300F18654 /* FaceLink */ = {
			isa = PBXGroup;
			children = (
				12C9AB3119F4F0DD007BA823 /* images */,
				126C4CA319F0FBE900F18654 /* controls */,
				126C4C7919F0B54900F18654 /* util */,
				126C4C7519F0B07C00F18654 /* ViewControllers */,
				126C4C4319EFB4F300F18654 /* AppDelegate.h */,
				126C4C4419EFB4F300F18654 /* AppDelegate.m */,
				126C4C4C19EFB4F300F18654 /* Images.xcassets */,
				126C4C4E19EFB4F300F18654 /* LaunchScreen.xib */,
				126C4C3F19EFB4F300F18654 /* Supporting Files */,
			);
			path = FaceLink;
			sourceTree = "<group>";
		};
		126C4C3F19EFB4F300F18654 /* Supporting Files */ = {
			isa = PBXGroup;
			children = (
				126C4C4019EFB4F300F18654 /* Info.plist */,
				126C4C4119EFB4F300F18654 /* main.m */,
			);
			name = "Supporting Files";
			sourceTree = "<group>";
		};
		126C4C5819EFB4F300F18654 /* FaceLinkTests */ = {
			isa = PBXGroup;
			children = (
				126C4C5B19EFB4F300F18654 /* FaceLinkTests.m */,
				126C4C5919EFB4F300F18654 /* Supporting Files */,
			);
			path = FaceLinkTests;
			sourceTree = "<group>";
		};
		126C4C5919EFB4F300F18654 /* Supporting Files */ = {
			isa = PBXGroup;
			children = (
				126C4C5A19EFB4F300F18654 /* Info.plist */,
			);
			name = "Supporting Files";
			sourceTree = "<group>";
		};
		126C4C7519F0B07C00F18654 /* ViewControllers */ = {
			isa = PBXGroup;
			children = (
				12C9AB5519F50857007BA823 /* views */,
				126C4C7619F0B11700F18654 /* FLMainViewController.h */,
				126C4C7719F0B11700F18654 /* FLMainViewController.m */,
				126C4CA719F0FF7F00F18654 /* FLControllerCoordinator.h */,
				126C4CA819F0FF7F00F18654 /* FLControllerCoordinator.m */,
				126C4CAA19F103AA00F18654 /* FLRecentViewController.h */,
				126C4CAB19F103AA00F18654 /* FLRecentViewController.m */,
				126C4CAC19F103AA00F18654 /* FLRecentViewController.xib */,
				126C4CAF19F103C000F18654 /* FLHotViewController.h */,
				126C4CB019F103C000F18654 /* FLHotViewController.m */,
				126C4CB119F103C000F18654 /* FLHotViewController.xib */,
				126C4CBA19F1186000F18654 /* FLCameraViewController.h */,
				126C4CBB19F1186000F18654 /* FLCameraViewController.m */,
				30D45CF719F3E19900135746 /* FLPhotoMatchingController.h */,
				30D45CF819F3E19900135746 /* FLPhotoMatchingController.m */,
				30D45CF919F3E19900135746 /* FLPhotoMatchingController.xib */,
				12C9AB1119F4CF6B007BA823 /* FLLikeMeViewController.h */,
				12C9AB1219F4CF6B007BA823 /* FLLikeMeViewController.m */,
				12C9AB1319F4CF6B007BA823 /* FLLikeMeViewController.xib */,
				12C9AB1619F4CF83007BA823 /* FLILikeViewController.h */,
				12C9AB1719F4CF83007BA823 /* FLILikeViewController.m */,
				12C9AB1819F4CF83007BA823 /* FLILikeViewController.xib */,
				12C9AB1B19F4CF95007BA823 /* FLChatViewController.h */,
				12C9AB1C19F4CF95007BA823 /* FLChatViewController.m */,
				12C9AB1D19F4CF95007BA823 /* FLChatViewController.xib */,
			);
			path = ViewControllers;
			sourceTree = "<group>";
		};
		126C4C7919F0B54900F18654 /* util */ = {
			isa = PBXGroup;
			children = (
				126C4C7A19F0B54900F18654 /* FMMacros.h */,
				30CF80E419F2A9B800FDF633 /* Globals.c */,
				30CF80E519F2A9B800FDF633 /* Globals.h */,
				30D45CF419F3706B00135746 /* FLAppSettings.h */,
				30D45CF519F3706B00135746 /* FLAppSettings.m */,
			);
			path = util;
			sourceTree = "<group>";
		};
		126C4CA319F0FBE900F18654 /* controls */ = {
			isa = PBXGroup;
			children = (
				12C9AAD719F4B3ED007BA823 /* ProgressHUD */,
				126C4CA419F0FBE900F18654 /* KxMenu.h */,
				126C4CA519F0FBE900F18654 /* KxMenu.m */,
				30D45CF119F35CF700135746 /* FLSingleOptionMenu.h */,
				30D45CF219F35CF700135746 /* FLSingleOptionMenu.m */,
			);
			path = controls;
			sourceTree = "<group>";
		};
		12C9AAD719F4B3ED007BA823 /* ProgressHUD */ = {
			isa = PBXGroup;
			children = (
				12C9AAD819F4B3ED007BA823 /* ProgressHUD.bundle */,
				12C9AAD919F4B3ED007BA823 /* ProgressHUD.h */,
				12C9AADA19F4B3ED007BA823 /* ProgressHUD.m */,
			);
			path = ProgressHUD;
			sourceTree = "<group>";
		};
		12C9AB3119F4F0DD007BA823 /* images */ = {
			isa = PBXGroup;
			children = (
				12C9AB5919F5FF5F007BA823 /* CameraCtr */,
				12C9AB6219F5FF5F007BA823 /* LikeCtr */,
				12C9AB6519F5FF5F007BA823 /* MatchingCtr */,
				12C9AB3219F4F0DD007BA823 /* ControllerMain */,
			);
			path = images;
			sourceTree = "<group>";
		};
		12C9AB3219F4F0DD007BA823 /* ControllerMain */ = {
			isa = PBXGroup;
			children = (
				12C9AB3319F4F0DD007BA823 /* camera_btn@2x.png */,
				12C9AB3419F4F0DD007BA823 /* kaka_word@2x.png */,
				12C9AB3519F4F0DD007BA823 /* pic_big@2x.png */,
				12C9AB3619F4F0DD007BA823 /* pic_small@2x.png */,
				12C9AB3719F4F0DD007BA823 /* predestine@2x.png */,
				12C9AB3819F4F0DD007BA823 /* recent_connect@2x.png */,
				12C9AB3919F4F0DD007BA823 /* search_icon@2x.png */,
				12C9AB3A19F4F0DD007BA823 /* search_word@2x.png */,
				12C9AB3B19F4F0DD007BA823 /* select_icon@2x.png */,
			);
			path = ControllerMain;
			sourceTree = "<group>";
		};
		12C9AB5519F50857007BA823 /* views */ = {
			isa = PBXGroup;
			children = (
				12C9AB5619F50893007BA823 /* FLFaceView.h */,
				12C9AB5719F50893007BA823 /* FLFaceView.m */,
			);
			path = views;
			sourceTree = "<group>";
		};
		12C9AB5919F5FF5F007BA823 /* CameraCtr */ = {
			isa = PBXGroup;
			children = (
				12C9AB5B19F5FF5F007BA823 /* back_icon@2x.png */,
				12C9AB5C19F5FF5F007BA823 /* fill_light_word.png */,
				12C9AB5D19F5FF5F007BA823 /* go_back@2x.png */,
				12C9AB5E19F5FF5F007BA823 /* go_forward@2x.png */,
				12C9AB5F19F5FF5F007BA823 /* pic.png */,
				12C9AB6019F5FF5F007BA823 /* select_up.png */,
				12C9AB6119F5FF5F007BA823 /* take_pic@2x.png */,
			);
			path = CameraCtr;
			sourceTree = "<group>";
		};
		12C9AB6219F5FF5F007BA823 /* LikeCtr */ = {
			isa = PBXGroup;
			children = (
				12C9AB6419F5FF5F007BA823 /* save.png */,
			);
			path = LikeCtr;
			sourceTree = "<group>";
		};
		12C9AB6519F5FF5F007BA823 /* MatchingCtr */ = {
			isa = PBXGroup;
			children = (
				12C9AB6719F5FF5F007BA823 /* camera_active@2x.png */,
				12C9AB6819F5FF5F007BA823 /* hand@2x.png */,
				12C9AB6919F5FF5F007BA823 /* success_word@2x.png */,
			);
			path = MatchingCtr;
			sourceTree = "<group>";
		};
/* End PBXGroup section */

/* Begin PBXNativeTarget section */
		126C4C3B19EFB4F300F18654 /* FaceLink */ = {
			isa = PBXNativeTarget;
			buildConfigurationList = 126C4C5F19EFB4F400F18654 /* Build configuration list for PBXNativeTarget "FaceLink" */;
			buildPhases = (
				126C4C3819EFB4F300F18654 /* Sources */,
				126C4C3919EFB4F300F18654 /* Frameworks */,
				126C4C3A19EFB4F300F18654 /* Resources */,
			);
			buildRules = (
			);
			dependencies = (
			);
			name = FaceLink;
			productName = FaceLink;
			productReference = 126C4C3C19EFB4F300F18654 /* FaceLink.app */;
			productType = "com.apple.product-type.application";
		};
		126C4C5419EFB4F300F18654 /* FaceLinkTests */ = {
			isa = PBXNativeTarget;
			buildConfigurationList = 126C4C6219EFB4F400F18654 /* Build configuration list for PBXNativeTarget "FaceLinkTests" */;
			buildPhases = (
				126C4C5119EFB4F300F18654 /* Sources */,
				126C4C5219EFB4F300F18654 /* Frameworks */,
				126C4C5319EFB4F300F18654 /* Resources */,
			);
			buildRules = (
			);
			dependencies = (
				126C4C5719EFB4F300F18654 /* PBXTargetDependency */,
			);
			name = FaceLinkTests;
			productName = FaceLinkTests;
			productReference = 126C4C5519EFB4F300F18654 /* FaceLinkTests.xctest */;
			productType = "com.apple.product-type.bundle.unit-test";
		};
/* End PBXNativeTarget section */

/* Begin PBXProject section */
		126C4C3419EFB4F300F18654 /* Project object */ = {
			isa = PBXProject;
			attributes = {
				LastUpgradeCheck = 0600;
				ORGANIZATIONNAME = Tencent;
				TargetAttributes = {
					126C4C3B19EFB4F300F18654 = {
						CreatedOnToolsVersion = 6.0;
					};
					126C4C5419EFB4F300F18654 = {
						CreatedOnToolsVersion = 6.0;
						TestTargetID = 126C4C3B19EFB4F300F18654;
					};
				};
			};
			buildConfigurationList = 126C4C3719EFB4F300F18654 /* Build configuration list for PBXProject "FaceLink" */;
			compatibilityVersion = "Xcode 3.2";
			developmentRegion = English;
			hasScannedForEncodings = 0;
			knownRegions = (
				en,
				Base,
			);
			mainGroup = 126C4C3319EFB4F300F18654;
			productRefGroup = 126C4C3D19EFB4F300F18654 /* Products */;
			projectDirPath = "";
			projectRoot = "";
			targets = (
				126C4C3B19EFB4F300F18654 /* FaceLink */,
				126C4C5419EFB4F300F18654 /* FaceLinkTests */,
			);
		};
/* End PBXProject section */

/* Begin PBXResourcesBuildPhase section */
		126C4C3A19EFB4F300F18654 /* Resources */ = {
			isa = PBXResourcesBuildPhase;
			buildActionMask = 2147483647;
			files = (
				30D45CFB19F3E19900135746 /* FLPhotoMatchingController.xib in Resources */,
				12C9AB1A19F4CF83007BA823 /* FLILikeViewController.xib in Resources */,
				12C9AB3C19F4F0DD007BA823 /* camera_btn@2x.png in Resources */,
				126C4CB319F103C000F18654 /* FLHotViewController.xib in Resources */,
				12C9AB7619F5FF5F007BA823 /* hand@2x.png in Resources */,
				12C9AB7119F5FF5F007BA823 /* take_pic@2x.png in Resources */,
				12C9AB3E19F4F0DD007BA823 /* pic_big@2x.png in Resources */,
				12C9AADB19F4B3ED007BA823 /* ProgressHUD.bundle in Resources */,
				12C9AB6F19F5FF5F007BA823 /* pic.png in Resources */,
				126C4C5019EFB4F300F18654 /* LaunchScreen.xib in Resources */,
				126C4CAE19F103AA00F18654 /* FLRecentViewController.xib in Resources */,
				126C4C4D19EFB4F300F18654 /* Images.xcassets in Resources */,
				12C9AB4319F4F0DD007BA823 /* search_word@2x.png in Resources */,
				12C9AB6B19F5FF5F007BA823 /* back_icon@2x.png in Resources */,
				12C9AB1F19F4CF95007BA823 /* FLChatViewController.xib in Resources */,
				12C9AB7019F5FF5F007BA823 /* select_up.png in Resources */,
				12C9AB4119F4F0DD007BA823 /* recent_connect@2x.png in Resources */,
				12C9AB1519F4CF6B007BA823 /* FLLikeMeViewController.xib in Resources */,
				12C9AB4419F4F0DD007BA823 /* select_icon@2x.png in Resources */,
				12C9AB4019F4F0DD007BA823 /* predestine@2x.png in Resources */,
				12C9AB7719F5FF5F007BA823 /* success_word@2x.png in Resources */,
				12C9AB6E19F5FF5F007BA823 /* go_forward@2x.png in Resources */,
				12C9AB6C19F5FF5F007BA823 /* fill_light_word.png in Resources */,
				12C9AB4219F4F0DD007BA823 /* search_icon@2x.png in Resources */,
				12C9AB3F19F4F0DD007BA823 /* pic_small@2x.png in Resources */,
				12C9AB3D19F4F0DD007BA823 /* kaka_word@2x.png in Resources */,
				12C9AB7319F5FF5F007BA823 /* save.png in Resources */,
				12C9AB6D19F5FF5F007BA823 /* go_back@2x.png in Resources */,
				12C9AB7519F5FF5F007BA823 /* camera_active@2x.png in Resources */,
			);
			runOnlyForDeploymentPostprocessing = 0;
		};
		126C4C5319EFB4F300F18654 /* Resources */ = {
			isa = PBXResourcesBuildPhase;
			buildActionMask = 2147483647;
			files = (
			);
			runOnlyForDeploymentPostprocessing = 0;
		};
/* End PBXResourcesBuildPhase section */

/* Begin PBXSourcesBuildPhase section */
		126C4C3819EFB4F300F18654 /* Sources */ = {
			isa = PBXSourcesBuildPhase;
			buildActionMask = 2147483647;
			files = (
				126C4CBC19F1186000F18654 /* FLCameraViewController.m in Sources */,
				12C9AADC19F4B3ED007BA823 /* ProgressHUD.m in Sources */,
				12C9AB1E19F4CF95007BA823 /* FLChatViewController.m in Sources */,
				30D45CFA19F3E19900135746 /* FLPhotoMatchingController.m in Sources */,
				30CF80E619F2A9B800FDF633 /* Globals.c in Sources */,
				126C4C4519EFB4F300F18654 /* AppDelegate.m in Sources */,
				126C4CA919F0FF7F00F18654 /* FLControllerCoordinator.m in Sources */,
				126C4CA619F0FBE900F18654 /* KxMenu.m in Sources */,
				30D45CF619F3706B00135746 /* FLAppSettings.m in Sources */,
				30D45CF319F35CF700135746 /* FLSingleOptionMenu.m in Sources */,
				126C4C4219EFB4F300F18654 /* main.m in Sources */,
				126C4C7819F0B11700F18654 /* FLMainViewController.m in Sources */,
				12C9AB1919F4CF83007BA823 /* FLILikeViewController.m in Sources */,
				126C4CAD19F103AA00F18654 /* FLRecentViewController.m in Sources */,
				126C4CB219F103C000F18654 /* FLHotViewController.m in Sources */,
				12C9AB5819F50893007BA823 /* FLFaceView.m in Sources */,
				12C9AB1419F4CF6B007BA823 /* FLLikeMeViewController.m in Sources */,
			);
			runOnlyForDeploymentPostprocessing = 0;
		};
		126C4C5119EFB4F300F18654 /* Sources */ = {
			isa = PBXSourcesBuildPhase;
			buildActionMask = 2147483647;
			files = (
				126C4C5C19EFB4F300F18654 /* FaceLinkTests.m in Sources */,
			);
			runOnlyForDeploymentPostprocessing = 0;
		};
/* End PBXSourcesBuildPhase section */

/* Begin PBXTargetDependency section */
		126C4C5719EFB4F300F18654 /* PBXTargetDependency */ = {
			isa = PBXTargetDependency;
			target = 126C4C3B19EFB4F300F18654 /* FaceLink */;
			targetProxy = 126C4C5619EFB4F300F18654 /* PBXContainerItemProxy */;
		};
/* End PBXTargetDependency section */

/* Begin PBXVariantGroup section */
		126C4C4E19EFB4F300F18654 /* LaunchScreen.xib */ = {
			isa = PBXVariantGroup;
			children = (
				126C4C4F19EFB4F300F18654 /* Base */,
			);
			name = LaunchScreen.xib;
			sourceTree = "<group>";
		};
/* End PBXVariantGroup section */

/* Begin XCBuildConfiguration section */
		126C4C5D19EFB4F400F18654 /* Debug */ = {
			isa = XCBuildConfiguration;
			buildSettings = {
				ALWAYS_SEARCH_USER_PATHS = NO;
				CLANG_CXX_LANGUAGE_STANDARD = "gnu++0x";
				CLANG_CXX_LIBRARY = "libc++";
				CLANG_ENABLE_MODULES = YES;
				CLANG_ENABLE_OBJC_ARC = YES;
				CLANG_WARN_BOOL_CONVERSION = YES;
				CLANG_WARN_CONSTANT_CONVERSION = YES;
				CLANG_WARN_DIRECT_OBJC_ISA_USAGE = YES_ERROR;
				CLANG_WARN_EMPTY_BODY = YES;
				CLANG_WARN_ENUM_CONVERSION = YES;
				CLANG_WARN_INT_CONVERSION = YES;
				CLANG_WARN_OBJC_ROOT_CLASS = YES_ERROR;
				CLANG_WARN_UNREACHABLE_CODE = YES;
				CLANG_WARN__DUPLICATE_METHOD_MATCH = YES;
				"CODE_SIGN_IDENTITY[sdk=iphoneos*]" = "iPhone Developer";
				COPY_PHASE_STRIP = NO;
				ENABLE_STRICT_OBJC_MSGSEND = YES;
				GCC_C_LANGUAGE_STANDARD = gnu99;
				GCC_DYNAMIC_NO_PIC = NO;
				GCC_OPTIMIZATION_LEVEL = 0;
				GCC_PREPROCESSOR_DEFINITIONS = (
					"DEBUG=1",
					"$(inherited)",
				);
				GCC_SYMBOLS_PRIVATE_EXTERN = NO;
				GCC_WARN_64_TO_32_BIT_CONVERSION = YES;
				GCC_WARN_ABOUT_RETURN_TYPE = YES_ERROR;
				GCC_WARN_UNDECLARED_SELECTOR = YES;
				GCC_WARN_UNINITIALIZED_AUTOS = YES_AGGRESSIVE;
				GCC_WARN_UNUSED_FUNCTION = YES;
				GCC_WARN_UNUSED_VARIABLE = YES;
				IPHONEOS_DEPLOYMENT_TARGET = 8.0;
				MTL_ENABLE_DEBUG_INFO = YES;
				ONLY_ACTIVE_ARCH = YES;
				SDKROOT = iphoneos;
			};
			name = Debug;
		};
		126C4C5E19EFB4F400F18654 /* Release */ = {
			isa = XCBuildConfiguration;
			buildSettings = {
				ALWAYS_SEARCH_USER_PATHS = NO;
				CLANG_CXX_LANGUAGE_STANDARD = "gnu++0x";
				CLANG_CXX_LIBRARY = "libc++";
				CLANG_ENABLE_MODULES = YES;
				CLANG_ENABLE_OBJC_ARC = YES;
				CLANG_WARN_BOOL_CONVERSION = YES;
				CLANG_WARN_CONSTANT_CONVERSION = YES;
				CLANG_WARN_DIRECT_OBJC_ISA_USAGE = YES_ERROR;
				CLANG_WARN_EMPTY_BODY = YES;
				CLANG_WARN_ENUM_CONVERSION = YES;
				CLANG_WARN_INT_CONVERSION = YES;
				CLANG_WARN_OBJC_ROOT_CLASS = YES_ERROR;
				CLANG_WARN_UNREACHABLE_CODE = YES;
				CLANG_WARN__DUPLICATE_METHOD_MATCH = YES;
				"CODE_SIGN_IDENTITY[sdk=iphoneos*]" = "iPhone Developer";
				COPY_PHASE_STRIP = YES;
				ENABLE_NS_ASSERTIONS = NO;
				ENABLE_STRICT_OBJC_MSGSEND = YES;
				GCC_C_LANGUAGE_STANDARD = gnu99;
				GCC_WARN_64_TO_32_BIT_CONVERSION = YES;
				GCC_WARN_ABOUT_RETURN_TYPE = YES_ERROR;
				GCC_WARN_UNDECLARED_SELECTOR = YES;
				GCC_WARN_UNINITIALIZED_AUTOS = YES_AGGRESSIVE;
				GCC_WARN_UNUSED_FUNCTION = YES;
				GCC_WARN_UNUSED_VARIABLE = YES;
				IPHONEOS_DEPLOYMENT_TARGET = 8.0;
				MTL_ENABLE_DEBUG_INFO = NO;
				SDKROOT = iphoneos;
				VALIDATE_PRODUCT = YES;
			};
			name = Release;
		};
		126C4C6019EFB4F400F18654 /* Debug */ = {
			isa = XCBuildConfiguration;
			buildSettings = {
				ASSETCATALOG_COMPILER_APPICON_NAME = AppIcon;
				INFOPLIST_FILE = FaceLink/Info.plist;
				LD_RUNPATH_SEARCH_PATHS = "$(inherited) @executable_path/Frameworks";
				PRODUCT_NAME = "$(TARGET_NAME)";
			};
			name = Debug;
		};
		126C4C6119EFB4F400F18654 /* Release */ = {
			isa = XCBuildConfiguration;
			buildSettings = {
				ASSETCATALOG_COMPILER_APPICON_NAME = AppIcon;
				INFOPLIST_FILE = FaceLink/Info.plist;
				LD_RUNPATH_SEARCH_PATHS = "$(inherited) @executable_path/Frameworks";
				PRODUCT_NAME = "$(TARGET_NAME)";
			};
			name = Release;
		};
		126C4C6319EFB4F400F18654 /* Debug */ = {
			isa = XCBuildConfiguration;
			buildSettings = {
				BUNDLE_LOADER = "$(TEST_HOST)";
				FRAMEWORK_SEARCH_PATHS = (
					"$(SDKROOT)/Developer/Library/Frameworks",
					"$(inherited)",
				);
				GCC_PREPROCESSOR_DEFINITIONS = (
					"DEBUG=1",
					"$(inherited)",
				);
				INFOPLIST_FILE = FaceLinkTests/Info.plist;
				LD_RUNPATH_SEARCH_PATHS = "$(inherited) @executable_path/Frameworks @loader_path/Frameworks";
				PRODUCT_NAME = "$(TARGET_NAME)";
				TEST_HOST = "$(BUILT_PRODUCTS_DIR)/FaceLink.app/FaceLink";
			};
			name = Debug;
		};
		126C4C6419EFB4F400F18654 /* Release */ = {
			isa = XCBuildConfiguration;
			buildSettings = {
				BUNDLE_LOADER = "$(TEST_HOST)";
				FRAMEWORK_SEARCH_PATHS = (
					"$(SDKROOT)/Developer/Library/Frameworks",
					"$(inherited)",
				);
				INFOPLIST_FILE = FaceLinkTests/Info.plist;
				LD_RUNPATH_SEARCH_PATHS = "$(inherited) @executable_path/Frameworks @loader_path/Frameworks";
				PRODUCT_NAME = "$(TARGET_NAME)";
				TEST_HOST = "$(BUILT_PRODUCTS_DIR)/FaceLink.app/FaceLink";
			};
			name = Release;
		};
/* End XCBuildConfiguration section */

/* Begin XCConfigurationList section */
		126C4C3719EFB4F300F18654 /* Build configuration list for PBXProject "FaceLink" */ = {
			isa = XCConfigurationList;
			buildConfigurations = (
				126C4C5D19EFB4F400F18654 /* Debug */,
				126C4C5E19EFB4F400F18654 /* Release */,
			);
			defaultConfigurationIsVisible = 0;
			defaultConfigurationName = Release;
		};
		126C4C5F19EFB4F400F18654 /* Build configuration list for PBXNativeTarget "FaceLink" */ = {
			isa = XCConfigurationList;
			buildConfigurations = (
				126C4C6019EFB4F400F18654 /* Debug */,
				126C4C6119EFB4F400F18654 /* Release */,
			);
			defaultConfigurationIsVisible = 0;
			defaultConfigurationName = Release;
		};
		126C4C6219EFB4F400F18654 /* Build configuration list for PBXNativeTarget "FaceLinkTests" */ = {
			isa = XCConfigurationList;
			buildConfigurations = (
				126C4C6319EFB4F400F18654 /* Debug */,
				126C4C6419EFB4F400F18654 /* Release */,
			);
			defaultConfigurationIsVisible = 0;
			defaultConfigurationName = Release;
		};
/* End XCConfigurationList section */
	};
	rootObject = 126C4C3419EFB4F300F18654 /* Project object */;
}
